
Microsoft Visual Studio Solution File, Format Version 12.00
# Visual Studio Version 17
VisualStudioVersion = 17.4.33122.133
MinimumVisualStudioVersion = 10.0.40219.1
Project("{FAE04EC0-301F-11D3-BF4B-00C04F79EFBC}") = "lvl8", "lvl8\lvl8.csproj", "{96A61669-88C6-47E2-975C-A32EF17E3C6F}"
EndProject
Global
	GlobalSection(SolutionConfigurationPlatforms) = preSolution
		Debug|Any CPU = Debug|Any CPU
		Release|Any CPU = Release|Any CPU
	EndGlobalSection
	GlobalSection(ProjectConfigurationPlatforms) = postSolution
		{96A61669-88C6-47E2-975C-A32EF17E3C6F}.Debug|Any CPU.ActiveCfg = Debug|Any CPU
		{96A61669-88C6-47E2-975C-A32EF17E3C6F}.Debug|Any CPU.Build.0 = Debug|Any CPU
		{96A61669-88C6-47E2-975C-A32EF17E3C6F}.Release|Any CPU.ActiveCfg = Release|Any CPU
		{96A61669-88C6-47E2-975C-A32EF17E3C6F}.Release|Any CPU.Build.0 = Release|Any CPU
	EndGlobalSection
	GlobalSection(SolutionProperties) = preSolution
		HideSolutionNode = FALSE
	EndGlobalSection
	GlobalSection(ExtensibilityGlobals) = postSolution
		SolutionGuid = {538816D2-6585-4AE1-863F-5C7ADF9C51B7}
	EndGlobalSection
EndGlobal
